
Microsoft Visual Studio Solution File, Format Version 12.00
# Visual Studio Version 17
VisualStudioVersion = 17.8.34330.188
MinimumVisualStudioVersion = 10.0.40219.1
Project("{FAE04EC0-301F-11D3-BF4B-00C04F79EFBC}") = "SQLicious.Server", "SQLicious.Server\SQLicious.Server.csproj", "{A79ED7F7-DB3C-4127-B34E-B6FD373D6477}"
EndProject
Project("{54A90642-561A-4BB1-A94E-469ADEE60C69}") = "sqlicious.client", "sqlicious.client\sqlicious.client.esproj", "{AE7E2F53-3AFA-40B2-9E4B-475BDFBA3107}"
EndProject
Global
	GlobalSection(SolutionConfigurationPlatforms) = preSolution
		Debug|Any CPU = Debug|Any CPU
		Release|Any CPU = Release|Any CPU
	EndGlobalSection
	GlobalSection(ProjectConfigurationPlatforms) = postSolution
		{A79ED7F7-DB3C-4127-B34E-B6FD373D6477}.Debug|Any CPU.ActiveCfg = Debug|Any CPU
		{A79ED7F7-DB3C-4127-B34E-B6FD373D6477}.Debug|Any CPU.Build.0 = Debug|Any CPU
		{A79ED7F7-DB3C-4127-B34E-B6FD373D6477}.Release|Any CPU.ActiveCfg = Release|Any CPU
		{A79ED7F7-DB3C-4127-B34E-B6FD373D6477}.Release|Any CPU.Build.0 = Release|Any CPU
		{AE7E2F53-3AFA-40B2-9E4B-475BDFBA3107}.Debug|Any CPU.ActiveCfg = Debug|Any CPU
		{AE7E2F53-3AFA-40B2-9E4B-475BDFBA3107}.Debug|Any CPU.Build.0 = Debug|Any CPU
		{AE7E2F53-3AFA-40B2-9E4B-475BDFBA3107}.Debug|Any CPU.Deploy.0 = Debug|Any CPU
		{AE7E2F53-3AFA-40B2-9E4B-475BDFBA3107}.Release|Any CPU.ActiveCfg = Release|Any CPU
		{AE7E2F53-3AFA-40B2-9E4B-475BDFBA3107}.Release|Any CPU.Build.0 = Release|Any CPU
		{AE7E2F53-3AFA-40B2-9E4B-475BDFBA3107}.Release|Any CPU.Deploy.0 = Release|Any CPU
	EndGlobalSection
	GlobalSection(SolutionProperties) = preSolution
		HideSolutionNode = FALSE
	EndGlobalSection
	GlobalSection(ExtensibilityGlobals) = postSolution
		SolutionGuid = {20B46540-5B03-49BB-B3AE-F0342DE035EC}
	EndGlobalSection
EndGlobal
